
Microsoft Visual Studio Solution File, Format Version 12.00
# Visual Studio Version 17
VisualStudioVersion = 17.3.32901.215
MinimumVisualStudioVersion = 10.0.40219.1
Project("{FAE04EC0-301F-11D3-BF4B-00C04F79EFBC}") = "ScreenCapture", "ScreenCapture\ScreenCapture.csproj", "{3D5B4A96-696D-41CB-B493-A81517994EF4}"
EndProject
Global
	GlobalSection(SolutionConfigurationPlatforms) = preSolution
		Debug|Any CPU = Debug|Any CPU
		Release|Any CPU = Release|Any CPU
	EndGlobalSection
	GlobalSection(ProjectConfigurationPlatforms) = postSolution
		{3D5B4A96-696D-41CB-B493-A81517994EF4}.Debug|Any CPU.ActiveCfg = Debug|Any CPU
		{3D5B4A96-696D-41CB-B493-A81517994EF4}.Debug|Any CPU.Build.0 = Debug|Any CPU
		{3D5B4A96-696D-41CB-B493-A81517994EF4}.Release|Any CPU.ActiveCfg = Release|Any CPU
		{3D5B4A96-696D-41CB-B493-A81517994EF4}.Release|Any CPU.Build.0 = Release|Any CPU
	EndGlobalSection
	GlobalSection(SolutionProperties) = preSolution
		HideSolutionNode = FALSE
	EndGlobalSection
	GlobalSection(ExtensibilityGlobals) = postSolution
		SolutionGuid = {D8076706-1D47-43C1-BBAE-E7B5EE128226}
	EndGlobalSection
EndGlobal
